// !$*UTF8*$!
{
	archiveVersion = 1;
	classes = {
	};
	objectVersion = 77;
	objects = {

/* Begin PBXBuildFile section */
		01158529133D8D850A11651B /* AstrologyCoreTests.swift in Sources */ = {isa = PBXBuildFile; fileRef = 472DABEC336AD17DDC76BCDF /* AstrologyCoreTests.swift */; };
		0D51116997DC14FB9E27B380 /* AstrologyCore.swift in Sources */ = {isa = PBXBuildFile; fileRef = DA460CE054F79F109B5082D1 /* AstrologyCore.swift */; };
		1082783F13423C762DB588D3 /* ChartData.swift in Sources */ = {isa = PBXBuildFile; fileRef = E645FF607C427919B290972B /* ChartData.swift */; };
		158578BE94B77125308CC8DA /* Profile.swift in Sources */ = {isa = PBXBuildFile; fileRef = 92ECAFFCC1E19D0B69474096 /* Profile.swift */; };
		1726716C04F091BF4A335B8B /* ParashariPrecisionUITests.swift in Sources */ = {isa = PBXBuildFile; fileRef = 1AB54088D79CEDA82D6B2321 /* ParashariPrecisionUITests.swift */; };
		1C37E54306FE5D0157847A0C /* DashaView.swift in Sources */ = {isa = PBXBuildFile; fileRef = A206F2BF6C43AD024662DE60 /* DashaView.swift */; };
		1C9C94C8F5699520749E7FED /* ChartViewModelTests.swift in Sources */ = {isa = PBXBuildFile; fileRef = BD3B74D7395808F0EDEDC384 /* ChartViewModelTests.swift */; };
		20D1812963259980E8FBC2AA /* Types.swift in Sources */ = {isa = PBXBuildFile; fileRef = 7FB9F915EA263EECF713CBD3 /* Types.swift */; };
		242BB047F3E5C8E49786BD04 /* ShadbalaViewModelTests.swift in Sources */ = {isa = PBXBuildFile; fileRef = 79C527E8215FDB71498F7D50 /* ShadbalaViewModelTests.swift */; };
		2F08FCD2003AFB76F0604C90 /* DashaPeriod.swift in Sources */ = {isa = PBXBuildFile; fileRef = 4CC4F2673CA1E69112A05F09 /* DashaPeriod.swift */; };
		30CC5F4CCBC79A9F4FB92518 /* CalculationEngine.swift in Sources */ = {isa = PBXBuildFile; fileRef = 46B6E38D96986DF5C1CA0738 /* CalculationEngine.swift */; };
		315E15873F6EC0B536C7CE91 /* PredictionsViewModelTests.swift in Sources */ = {isa = PBXBuildFile; fileRef = 1EAB7266415C749D52C995C9 /* PredictionsViewModelTests.swift */; };
		32C5F2304FFDB8D09B12B991 /* ShadbalaViewTests.swift in Sources */ = {isa = PBXBuildFile; fileRef = D8C40DFBE76747C6B314EE33 /* ShadbalaViewTests.swift */; };
		355058EB42188FBF50F02B4D /* SouthIndianChartView.swift in Sources */ = {isa = PBXBuildFile; fileRef = 646B0553050BF5CA00B49E78 /* SouthIndianChartView.swift */; };
		39439B4E4F7CCDC120D8EDF2 /* ChartView.swift in Sources */ = {isa = PBXBuildFile; fileRef = AE1A71B395D3CFADB9468781 /* ChartView.swift */; };
		3A2F4FEAA6123DF3299F0912 /* YogaListView.swift in Sources */ = {isa = PBXBuildFile; fileRef = 31D4607C874D4B1E3FA4E03F /* YogaListView.swift */; };
		441900AEC04827411099CAEF /* DatabaseServiceTests.swift in Sources */ = {isa = PBXBuildFile; fileRef = 17D69CF6F3E7CA6EB758C518 /* DatabaseServiceTests.swift */; };
		4DC518DC916B35269A1997FC /* YogaResult.swift in Sources */ = {isa = PBXBuildFile; fileRef = 7D9C5C3807ADE4B1893CCB95 /* YogaResult.swift */; };
		4FB8BB10BA23D250EAA18B9B /* PredictionsView.swift in Sources */ = {isa = PBXBuildFile; fileRef = B968FA7E0167E090503A294F /* PredictionsView.swift */; };
		50B5A91F41708B25D13A819C /* ProfilesViewModel.swift in Sources */ = {isa = PBXBuildFile; fileRef = 0AE1D462CF84699F0856A96A /* ProfilesViewModel.swift */; };
		5352F5AA308AB1B757EF614E /* YogaViewModel.swift in Sources */ = {isa = PBXBuildFile; fileRef = 0CB01FB782C3B0B946E7E332 /* YogaViewModel.swift */; };
		55CAA225D6807BC491DCAAA4 /* YogaViewModelTests.swift in Sources */ = {isa = PBXBuildFile; fileRef = 48835E8844EA250CF18FCB76 /* YogaViewModelTests.swift */; };
		5742FA40AA097FADD1DCD164 /* MainViewTests.swift in Sources */ = {isa = PBXBuildFile; fileRef = 7EBB67F3D6DB1D61D669DD56 /* MainViewTests.swift */; };
		59C0AEA45A8406092F302550 /* ShadbalaResult.swift in Sources */ = {isa = PBXBuildFile; fileRef = 80419A6D11431A55B1FCAC08 /* ShadbalaResult.swift */; };
		5C1F39C4A297CA209AB42080 /* MainView.swift in Sources */ = {isa = PBXBuildFile; fileRef = 0927BA042D6D52A0029D1967 /* MainView.swift */; };
		66A999AF4DE84D2DD38A5E2F /* ShadbalaViewModel.swift in Sources */ = {isa = PBXBuildFile; fileRef = 5D23482E33ABB858B6890AF9 /* ShadbalaViewModel.swift */; };
		671BD60A7B788B058BF786D9 /* AshtakavargaViewModel.swift in Sources */ = {isa = PBXBuildFile; fileRef = 7FD6699F0B78E1EBAE30C7FF /* AshtakavargaViewModel.swift */; };
		780E1AA7CE496F740447D826 /* ShadbalaView.swift in Sources */ = {isa = PBXBuildFile; fileRef = DF2012495284FFFEE8810702 /* ShadbalaView.swift */; };
		7AF1626CA90FEECB1B3B475D /* SwissEphemeris.swift in Sources */ = {isa = PBXBuildFile; fileRef = 2603C6672E14652A0C35B542 /* SwissEphemeris.swift */; };
		7E020FE9C92F7B65C550E9DE /* ChartViewModel.swift in Sources */ = {isa = PBXBuildFile; fileRef = A3CF95E59E94C5BDFFD351F3 /* ChartViewModel.swift */; };
		7FF38461A0AD43BC205D3709 /* ProfileListView.swift in Sources */ = {isa = PBXBuildFile; fileRef = D533BD54018FCF31D83A5F6C /* ProfileListView.swift */; };
		80B7A46752E25015ECC628A2 /* YogaListViewTests.swift in Sources */ = {isa = PBXBuildFile; fileRef = 765AD55975DA2703C8D51898 /* YogaListViewTests.swift */; };
		80E859A71AAD0EB3EF989C3C /* PredictionsViewTests.swift in Sources */ = {isa = PBXBuildFile; fileRef = ACC3F2A06C38B318D73FE6E8 /* PredictionsViewTests.swift */; };
		84FCD764FF2CBE71CD8F3416 /* PredictionsViewModel.swift in Sources */ = {isa = PBXBuildFile; fileRef = B232915C29AA64BDC64E523A /* PredictionsViewModel.swift */; };
		8912E6F9B6880AC3A3DB365C /* ShadbalaResultTests.swift in Sources */ = {isa = PBXBuildFile; fileRef = 0A27CFF4C88999C461B94083 /* ShadbalaResultTests.swift */; };
		A0E4F664D4F037510A8F0E49 /* AshtakavargaViewTests.swift in Sources */ = {isa = PBXBuildFile; fileRef = 5D3BD310AE77CE914785FA10 /* AshtakavargaViewTests.swift */; };
		A69AA7C42830AE75DCE19B4B /* AshtakavargaResult.swift in Sources */ = {isa = PBXBuildFile; fileRef = 59CBCF18BB8F078466E957F1 /* AshtakavargaResult.swift */; };
		AA42C86E43D73DAB7B2A0D1E /* DashaViewTests.swift in Sources */ = {isa = PBXBuildFile; fileRef = E245A68E0FE8B876200118F9 /* DashaViewTests.swift */; };
		AC67D89004BB139C8552F805 /* NewProfileView.swift in Sources */ = {isa = PBXBuildFile; fileRef = 22F6BC97124F43477601AD0F /* NewProfileView.swift */; };
		ADF88EA20654AC16C4F9F608 /* LocalPredictionGenerator.swift in Sources */ = {isa = PBXBuildFile; fileRef = 2169AB91D579F6AFE41DACFA /* LocalPredictionGenerator.swift */; };
		AF0F903AD491391F9B231837 /* ProfileTests.swift in Sources */ = {isa = PBXBuildFile; fileRef = 1BA914BAF729CBB589948230 /* ProfileTests.swift */; };
		B05EDA9622DF965B84E50FFE /* DashaViewModel.swift in Sources */ = {isa = PBXBuildFile; fileRef = 1C4FB7CDF15A9120EC9992B4 /* DashaViewModel.swift */; };
		B47831D536F01E337E233274 /* DashaPeriodTests.swift in Sources */ = {isa = PBXBuildFile; fileRef = C919C7BFA857C4DE4C430720 /* DashaPeriodTests.swift */; };
		C4E3C00E07605FF91DFDCCA9 /* AshtakavargaView.swift in Sources */ = {isa = PBXBuildFile; fileRef = 55D1AFA269B3F7E7D6FF6E2D /* AshtakavargaView.swift */; };
		C5C3F9337F5ACCC607AE92D3 /* DashaViewModelTests.swift in Sources */ = {isa = PBXBuildFile; fileRef = DD63E7985A7F9094E70AD002 /* DashaViewModelTests.swift */; };
		D53177985DC7245F4E9E4E38 /* YogaResultTests.swift in Sources */ = {isa = PBXBuildFile; fileRef = 46B76AE2BA1DDE7AFCE6DFE3 /* YogaResultTests.swift */; };
		D7363E38CECD710B24507C97 /* ProfilesViewModelTests.swift in Sources */ = {isa = PBXBuildFile; fileRef = 6FC50F4BC4D0FB2EC1C2E63A /* ProfilesViewModelTests.swift */; };
		DD2814940A3240D882F7B56C /* NewProfileViewTests.swift in Sources */ = {isa = PBXBuildFile; fileRef = 57EAD5CE60390EA9BA8E38B1 /* NewProfileViewTests.swift */; };
		E03726350B615C0D4A760CD7 /* DatabaseService.swift in Sources */ = {isa = PBXBuildFile; fileRef = 1CA9EB28DC8A3823F7AFF9DB /* DatabaseService.swift */; };
		E6BE3F98595926781A59AE99 /* TypesTests.swift in Sources */ = {isa = PBXBuildFile; fileRef = 04B17D788D126BAC1F77BBF1 /* TypesTests.swift */; };
		E9B4D7AEFD5CD72F9E0B5322 /* ChartDataTests.swift in Sources */ = {isa = PBXBuildFile; fileRef = 450573613711044DC73BA905 /* ChartDataTests.swift */; };
		EC8404DE579C274F500973A4 /* AshtakavargaResultTests.swift in Sources */ = {isa = PBXBuildFile; fileRef = 3136896C822F1C7A52B7872C /* AshtakavargaResultTests.swift */; };
		EDF84C4BC2114AF6D00C3A48 /* Assets.xcassets in Resources */ = {isa = PBXBuildFile; fileRef = A8A4A681309C0A0115F7C27D /* Assets.xcassets */; };
		F0E70198054517CD0EFB24CA /* SouthIndianChartViewTests.swift in Sources */ = {isa = PBXBuildFile; fileRef = 8B0DA9AE76529D88569B456B /* SouthIndianChartViewTests.swift */; };
		F9A8E0D4C5056342CF387181 /* LocalPredictionGeneratorTests.swift in Sources */ = {isa = PBXBuildFile; fileRef = D2F8EF104F54D025E42844DB /* LocalPredictionGeneratorTests.swift */; };
		FA9ABB1D7F8AA35DD25878FA /* ParashariPrecisionApp.swift in Sources */ = {isa = PBXBuildFile; fileRef = 7BF0D5BED7A723FB8243F9C4 /* ParashariPrecisionApp.swift */; };
		FD3A6D1594BED85E63226FF7 /* ProfileListViewTests.swift in Sources */ = {isa = PBXBuildFile; fileRef = 0F663A568ED4F5100AE1B847 /* ProfileListViewTests.swift */; };
		FFF36D23169D69996C6E560F /* AshtakavargaViewModelTests.swift in Sources */ = {isa = PBXBuildFile; fileRef = 841BEE530DEC66389C3EDCC8 /* AshtakavargaViewModelTests.swift */; };
/* End PBXBuildFile section */

/* Begin PBXContainerItemProxy section */
		2FFD3A13DA82C48A16ECC4A3 /* PBXContainerItemProxy */ = {
			isa = PBXContainerItemProxy;
			containerPortal = 99EFFEF4C67E26F8B75B70A5 /* Project object */;
			proxyType = 1;
			remoteGlobalIDString = C7EFAA553DF1DCDB049D72EE;
			remoteInfo = ParashariPrecision;
		};
		90537D6ABEE711230DBE428D /* PBXContainerItemProxy */ = {
			isa = PBXContainerItemProxy;
			containerPortal = 99EFFEF4C67E26F8B75B70A5 /* Project object */;
			proxyType = 1;
			remoteGlobalIDString = C7EFAA553DF1DCDB049D72EE;
			remoteInfo = ParashariPrecision;
		};
/* End PBXContainerItemProxy section */

/* Begin PBXFileReference section */
		04B17D788D126BAC1F77BBF1 /* TypesTests.swift */ = {isa = PBXFileReference; lastKnownFileType = sourcecode.swift; path = TypesTests.swift; sourceTree = "<group>"; };
		0927BA042D6D52A0029D1967 /* MainView.swift */ = {isa = PBXFileReference; lastKnownFileType = sourcecode.swift; path = MainView.swift; sourceTree = "<group>"; };
		0A27CFF4C88999C461B94083 /* ShadbalaResultTests.swift */ = {isa = PBXFileReference; lastKnownFileType = sourcecode.swift; path = ShadbalaResultTests.swift; sourceTree = "<group>"; };
		0AE1D462CF84699F0856A96A /* ProfilesViewModel.swift */ = {isa = PBXFileReference; lastKnownFileType = sourcecode.swift; path = ProfilesViewModel.swift; sourceTree = "<group>"; };
		0CB01FB782C3B0B946E7E332 /* YogaViewModel.swift */ = {isa = PBXFileReference; lastKnownFileType = sourcecode.swift; path = YogaViewModel.swift; sourceTree = "<group>"; };
		0F663A568ED4F5100AE1B847 /* ProfileListViewTests.swift */ = {isa = PBXFileReference; lastKnownFileType = sourcecode.swift; path = ProfileListViewTests.swift; sourceTree = "<group>"; };
		17D69CF6F3E7CA6EB758C518 /* DatabaseServiceTests.swift */ = {isa = PBXFileReference; lastKnownFileType = sourcecode.swift; path = DatabaseServiceTests.swift; sourceTree = "<group>"; };
		1AB54088D79CEDA82D6B2321 /* ParashariPrecisionUITests.swift */ = {isa = PBXFileReference; lastKnownFileType = sourcecode.swift; path = ParashariPrecisionUITests.swift; sourceTree = "<group>"; };
		1BA914BAF729CBB589948230 /* ProfileTests.swift */ = {isa = PBXFileReference; lastKnownFileType = sourcecode.swift; path = ProfileTests.swift; sourceTree = "<group>"; };
		1C4FB7CDF15A9120EC9992B4 /* DashaViewModel.swift */ = {isa = PBXFileReference; lastKnownFileType = sourcecode.swift; path = DashaViewModel.swift; sourceTree = "<group>"; };
		1CA9EB28DC8A3823F7AFF9DB /* DatabaseService.swift */ = {isa = PBXFileReference; lastKnownFileType = sourcecode.swift; path = DatabaseService.swift; sourceTree = "<group>"; };
		1EAB7266415C749D52C995C9 /* PredictionsViewModelTests.swift */ = {isa = PBXFileReference; lastKnownFileType = sourcecode.swift; path = PredictionsViewModelTests.swift; sourceTree = "<group>"; };
		2169AB91D579F6AFE41DACFA /* LocalPredictionGenerator.swift */ = {isa = PBXFileReference; lastKnownFileType = sourcecode.swift; path = LocalPredictionGenerator.swift; sourceTree = "<group>"; };
		22F6BC97124F43477601AD0F /* NewProfileView.swift */ = {isa = PBXFileReference; lastKnownFileType = sourcecode.swift; path = NewProfileView.swift; sourceTree = "<group>"; };
		2603C6672E14652A0C35B542 /* SwissEphemeris.swift */ = {isa = PBXFileReference; lastKnownFileType = sourcecode.swift; path = SwissEphemeris.swift; sourceTree = "<group>"; };
		3136896C822F1C7A52B7872C /* AshtakavargaResultTests.swift */ = {isa = PBXFileReference; lastKnownFileType = sourcecode.swift; path = AshtakavargaResultTests.swift; sourceTree = "<group>"; };
		31D4607C874D4B1E3FA4E03F /* YogaListView.swift */ = {isa = PBXFileReference; lastKnownFileType = sourcecode.swift; path = YogaListView.swift; sourceTree = "<group>"; };
		450573613711044DC73BA905 /* ChartDataTests.swift */ = {isa = PBXFileReference; lastKnownFileType = sourcecode.swift; path = ChartDataTests.swift; sourceTree = "<group>"; };
		46B6E38D96986DF5C1CA0738 /* CalculationEngine.swift */ = {isa = PBXFileReference; lastKnownFileType = sourcecode.swift; path = CalculationEngine.swift; sourceTree = "<group>"; };
		46B76AE2BA1DDE7AFCE6DFE3 /* YogaResultTests.swift */ = {isa = PBXFileReference; lastKnownFileType = sourcecode.swift; path = YogaResultTests.swift; sourceTree = "<group>"; };
		472DABEC336AD17DDC76BCDF /* AstrologyCoreTests.swift */ = {isa = PBXFileReference; lastKnownFileType = sourcecode.swift; path = AstrologyCoreTests.swift; sourceTree = "<group>"; };
		48835E8844EA250CF18FCB76 /* YogaViewModelTests.swift */ = {isa = PBXFileReference; lastKnownFileType = sourcecode.swift; path = YogaViewModelTests.swift; sourceTree = "<group>"; };
		4CC4F2673CA1E69112A05F09 /* DashaPeriod.swift */ = {isa = PBXFileReference; lastKnownFileType = sourcecode.swift; path = DashaPeriod.swift; sourceTree = "<group>"; };
		55D1AFA269B3F7E7D6FF6E2D /* AshtakavargaView.swift */ = {isa = PBXFileReference; lastKnownFileType = sourcecode.swift; path = AshtakavargaView.swift; sourceTree = "<group>"; };
		57EAD5CE60390EA9BA8E38B1 /* NewProfileViewTests.swift */ = {isa = PBXFileReference; lastKnownFileType = sourcecode.swift; path = NewProfileViewTests.swift; sourceTree = "<group>"; };
		59CBCF18BB8F078466E957F1 /* AshtakavargaResult.swift */ = {isa = PBXFileReference; lastKnownFileType = sourcecode.swift; path = AshtakavargaResult.swift; sourceTree = "<group>"; };
		5D23482E33ABB858B6890AF9 /* ShadbalaViewModel.swift */ = {isa = PBXFileReference; lastKnownFileType = sourcecode.swift; path = ShadbalaViewModel.swift; sourceTree = "<group>"; };
		5D3BD310AE77CE914785FA10 /* AshtakavargaViewTests.swift */ = {isa = PBXFileReference; lastKnownFileType = sourcecode.swift; path = AshtakavargaViewTests.swift; sourceTree = "<group>"; };
		646B0553050BF5CA00B49E78 /* SouthIndianChartView.swift */ = {isa = PBXFileReference; lastKnownFileType = sourcecode.swift; path = SouthIndianChartView.swift; sourceTree = "<group>"; };
		6EC4138C4A212297AC988698 /* ParashariPrecisionUITests.xctest */ = {isa = PBXFileReference; explicitFileType = wrapper.cfbundle; includeInIndex = 0; path = ParashariPrecisionUITests.xctest; sourceTree = BUILT_PRODUCTS_DIR; };
		6FC50F4BC4D0FB2EC1C2E63A /* ProfilesViewModelTests.swift */ = {isa = PBXFileReference; lastKnownFileType = sourcecode.swift; path = ProfilesViewModelTests.swift; sourceTree = "<group>"; };
		765AD55975DA2703C8D51898 /* YogaListViewTests.swift */ = {isa = PBXFileReference; lastKnownFileType = sourcecode.swift; path = YogaListViewTests.swift; sourceTree = "<group>"; };
		79C527E8215FDB71498F7D50 /* ShadbalaViewModelTests.swift */ = {isa = PBXFileReference; lastKnownFileType = sourcecode.swift; path = ShadbalaViewModelTests.swift; sourceTree = "<group>"; };
		7BF0D5BED7A723FB8243F9C4 /* ParashariPrecisionApp.swift */ = {isa = PBXFileReference; lastKnownFileType = sourcecode.swift; path = ParashariPrecisionApp.swift; sourceTree = "<group>"; };
		7D9C5C3807ADE4B1893CCB95 /* YogaResult.swift */ = {isa = PBXFileReference; lastKnownFileType = sourcecode.swift; path = YogaResult.swift; sourceTree = "<group>"; };
		7EBB67F3D6DB1D61D669DD56 /* MainViewTests.swift */ = {isa = PBXFileReference; lastKnownFileType = sourcecode.swift; path = MainViewTests.swift; sourceTree = "<group>"; };
		7FB9F915EA263EECF713CBD3 /* Types.swift */ = {isa = PBXFileReference; lastKnownFileType = sourcecode.swift; path = Types.swift; sourceTree = "<group>"; };
		7FD6699F0B78E1EBAE30C7FF /* AshtakavargaViewModel.swift */ = {isa = PBXFileReference; lastKnownFileType = sourcecode.swift; path = AshtakavargaViewModel.swift; sourceTree = "<group>"; };
		80419A6D11431A55B1FCAC08 /* ShadbalaResult.swift */ = {isa = PBXFileReference; lastKnownFileType = sourcecode.swift; path = ShadbalaResult.swift; sourceTree = "<group>"; };
		841BEE530DEC66389C3EDCC8 /* AshtakavargaViewModelTests.swift */ = {isa = PBXFileReference; lastKnownFileType = sourcecode.swift; path = AshtakavargaViewModelTests.swift; sourceTree = "<group>"; };
		8B0DA9AE76529D88569B456B /* SouthIndianChartViewTests.swift */ = {isa = PBXFileReference; lastKnownFileType = sourcecode.swift; path = SouthIndianChartViewTests.swift; sourceTree = "<group>"; };
		92ECAFFCC1E19D0B69474096 /* Profile.swift */ = {isa = PBXFileReference; lastKnownFileType = sourcecode.swift; path = Profile.swift; sourceTree = "<group>"; };
		968E802D4698FC074C83C7E3 /* Info.plist */ = {isa = PBXFileReference; lastKnownFileType = text.plist; path = Info.plist; sourceTree = "<group>"; };
		A206F2BF6C43AD024662DE60 /* DashaView.swift */ = {isa = PBXFileReference; lastKnownFileType = sourcecode.swift; path = DashaView.swift; sourceTree = "<group>"; };
		A3CF95E59E94C5BDFFD351F3 /* ChartViewModel.swift */ = {isa = PBXFileReference; lastKnownFileType = sourcecode.swift; path = ChartViewModel.swift; sourceTree = "<group>"; };
		A8A4A681309C0A0115F7C27D /* Assets.xcassets */ = {isa = PBXFileReference; lastKnownFileType = folder.assetcatalog; path = Assets.xcassets; sourceTree = "<group>"; };
		ACC3F2A06C38B318D73FE6E8 /* PredictionsViewTests.swift */ = {isa = PBXFileReference; lastKnownFileType = sourcecode.swift; path = PredictionsViewTests.swift; sourceTree = "<group>"; };
		AE1A71B395D3CFADB9468781 /* ChartView.swift */ = {isa = PBXFileReference; lastKnownFileType = sourcecode.swift; path = ChartView.swift; sourceTree = "<group>"; };
		B232915C29AA64BDC64E523A /* PredictionsViewModel.swift */ = {isa = PBXFileReference; lastKnownFileType = sourcecode.swift; path = PredictionsViewModel.swift; sourceTree = "<group>"; };
		B968FA7E0167E090503A294F /* PredictionsView.swift */ = {isa = PBXFileReference; lastKnownFileType = sourcecode.swift; path = PredictionsView.swift; sourceTree = "<group>"; };
		BD3B74D7395808F0EDEDC384 /* ChartViewModelTests.swift */ = {isa = PBXFileReference; lastKnownFileType = sourcecode.swift; path = ChartViewModelTests.swift; sourceTree = "<group>"; };
		C919C7BFA857C4DE4C430720 /* DashaPeriodTests.swift */ = {isa = PBXFileReference; lastKnownFileType = sourcecode.swift; path = DashaPeriodTests.swift; sourceTree = "<group>"; };
		D2F8EF104F54D025E42844DB /* LocalPredictionGeneratorTests.swift */ = {isa = PBXFileReference; lastKnownFileType = sourcecode.swift; path = LocalPredictionGeneratorTests.swift; sourceTree = "<group>"; };
		D533BD54018FCF31D83A5F6C /* ProfileListView.swift */ = {isa = PBXFileReference; lastKnownFileType = sourcecode.swift; path = ProfileListView.swift; sourceTree = "<group>"; };
		D8C40DFBE76747C6B314EE33 /* ShadbalaViewTests.swift */ = {isa = PBXFileReference; lastKnownFileType = sourcecode.swift; path = ShadbalaViewTests.swift; sourceTree = "<group>"; };
		DA460CE054F79F109B5082D1 /* AstrologyCore.swift */ = {isa = PBXFileReference; lastKnownFileType = sourcecode.swift; path = AstrologyCore.swift; sourceTree = "<group>"; };
		DD63E7985A7F9094E70AD002 /* DashaViewModelTests.swift */ = {isa = PBXFileReference; lastKnownFileType = sourcecode.swift; path = DashaViewModelTests.swift; sourceTree = "<group>"; };
		DF2012495284FFFEE8810702 /* ShadbalaView.swift */ = {isa = PBXFileReference; lastKnownFileType = sourcecode.swift; path = ShadbalaView.swift; sourceTree = "<group>"; };
		E245A68E0FE8B876200118F9 /* DashaViewTests.swift */ = {isa = PBXFileReference; lastKnownFileType = sourcecode.swift; path = DashaViewTests.swift; sourceTree = "<group>"; };
		E34D949493EDEF728FF2DD71 /* ParashariPrecision.app */ = {isa = PBXFileReference; explicitFileType = wrapper.application; includeInIndex = 0; path = ParashariPrecision.app; sourceTree = BUILT_PRODUCTS_DIR; };
		E645FF607C427919B290972B /* ChartData.swift */ = {isa = PBXFileReference; lastKnownFileType = sourcecode.swift; path = ChartData.swift; sourceTree = "<group>"; };
		F58186CA7F518236DEDFE11D /* ParashariPrecisionTests.xctest */ = {isa = PBXFileReference; explicitFileType = wrapper.cfbundle; includeInIndex = 0; path = ParashariPrecisionTests.xctest; sourceTree = BUILT_PRODUCTS_DIR; };
/* End PBXFileReference section */

/* Begin PBXGroup section */
		2007EB41D20926D701CDE64F /* Ashtakavarga */ = {
			isa = PBXGroup;
			children = (
				55D1AFA269B3F7E7D6FF6E2D /* AshtakavargaView.swift */,
			);
			path = Ashtakavarga;
			sourceTree = "<group>";
		};
		20AE503F36730FBDAEC55914 /* Services */ = {
			isa = PBXGroup;
			children = (
				DA460CE054F79F109B5082D1 /* AstrologyCore.swift */,
				46B6E38D96986DF5C1CA0738 /* CalculationEngine.swift */,
				1CA9EB28DC8A3823F7AFF9DB /* DatabaseService.swift */,
				2169AB91D579F6AFE41DACFA /* LocalPredictionGenerator.swift */,
				2603C6672E14652A0C35B542 /* SwissEphemeris.swift */,
			);
			path = Services;
			sourceTree = "<group>";
		};
		391AD0DF632AE91832602B34 /* Shadbala */ = {
			isa = PBXGroup;
			children = (
				DF2012495284FFFEE8810702 /* ShadbalaView.swift */,
			);
			path = Shadbala;
			sourceTree = "<group>";
		};
		3C3B0807F122D13A237E258E /* Predictions */ = {
			isa = PBXGroup;
			children = (
				B968FA7E0167E090503A294F /* PredictionsView.swift */,
			);
			path = Predictions;
			sourceTree = "<group>";
		};
		63047165E0880A5D108EDD8D /* ViewModels */ = {
			isa = PBXGroup;
			children = (
				7FD6699F0B78E1EBAE30C7FF /* AshtakavargaViewModel.swift */,
				A3CF95E59E94C5BDFFD351F3 /* ChartViewModel.swift */,
				1C4FB7CDF15A9120EC9992B4 /* DashaViewModel.swift */,
				B232915C29AA64BDC64E523A /* PredictionsViewModel.swift */,
				0AE1D462CF84699F0856A96A /* ProfilesViewModel.swift */,
				5D23482E33ABB858B6890AF9 /* ShadbalaViewModel.swift */,
				0CB01FB782C3B0B946E7E332 /* YogaViewModel.swift */,
			);
			path = ViewModels;
			sourceTree = "<group>";
		};
		7981F26F2FD8AE69F948F3D1 /* ParashariPrecision */ = {
			isa = PBXGroup;
			children = (
				D990A04AB8DF6C83C948E2C0 /* App */,
				9CF9CAE4E44D0116F82F23E4 /* Models */,
				9CAC19FFD0592BF1D104CA5E /* Resources */,
				20AE503F36730FBDAEC55914 /* Services */,
				63047165E0880A5D108EDD8D /* ViewModels */,
				E1390B4C540274BB6F2844EB /* Views */,
			);
			path = ParashariPrecision;
			sourceTree = "<group>";
		};
		82E68E47D5C91B9FB19138E0 /* ParashariPrecisionTests */ = {
			isa = PBXGroup;
			children = (
				3136896C822F1C7A52B7872C /* AshtakavargaResultTests.swift */,
				841BEE530DEC66389C3EDCC8 /* AshtakavargaViewModelTests.swift */,
				5D3BD310AE77CE914785FA10 /* AshtakavargaViewTests.swift */,
				472DABEC336AD17DDC76BCDF /* AstrologyCoreTests.swift */,
				450573613711044DC73BA905 /* ChartDataTests.swift */,
				BD3B74D7395808F0EDEDC384 /* ChartViewModelTests.swift */,
				C919C7BFA857C4DE4C430720 /* DashaPeriodTests.swift */,
				DD63E7985A7F9094E70AD002 /* DashaViewModelTests.swift */,
				E245A68E0FE8B876200118F9 /* DashaViewTests.swift */,
				17D69CF6F3E7CA6EB758C518 /* DatabaseServiceTests.swift */,
				D2F8EF104F54D025E42844DB /* LocalPredictionGeneratorTests.swift */,
				7EBB67F3D6DB1D61D669DD56 /* MainViewTests.swift */,
				57EAD5CE60390EA9BA8E38B1 /* NewProfileViewTests.swift */,
				1EAB7266415C749D52C995C9 /* PredictionsViewModelTests.swift */,
				ACC3F2A06C38B318D73FE6E8 /* PredictionsViewTests.swift */,
				0F663A568ED4F5100AE1B847 /* ProfileListViewTests.swift */,
				6FC50F4BC4D0FB2EC1C2E63A /* ProfilesViewModelTests.swift */,
				1BA914BAF729CBB589948230 /* ProfileTests.swift */,
				0A27CFF4C88999C461B94083 /* ShadbalaResultTests.swift */,
				79C527E8215FDB71498F7D50 /* ShadbalaViewModelTests.swift */,
				D8C40DFBE76747C6B314EE33 /* ShadbalaViewTests.swift */,
				8B0DA9AE76529D88569B456B /* SouthIndianChartViewTests.swift */,
				04B17D788D126BAC1F77BBF1 /* TypesTests.swift */,
				765AD55975DA2703C8D51898 /* YogaListViewTests.swift */,
				46B76AE2BA1DDE7AFCE6DFE3 /* YogaResultTests.swift */,
				48835E8844EA250CF18FCB76 /* YogaViewModelTests.swift */,
			);
			path = ParashariPrecisionTests;
			sourceTree = "<group>";
		};
		8D8A9B61F1D699CD26427913 /* Profile */ = {
			isa = PBXGroup;
			children = (
				22F6BC97124F43477601AD0F /* NewProfileView.swift */,
				D533BD54018FCF31D83A5F6C /* ProfileListView.swift */,
			);
			path = Profile;
			sourceTree = "<group>";
		};
		8FBC91813661740963BD4F76 /* Products */ = {
			isa = PBXGroup;
			children = (
				E34D949493EDEF728FF2DD71 /* ParashariPrecision.app */,
				F58186CA7F518236DEDFE11D /* ParashariPrecisionTests.xctest */,
				6EC4138C4A212297AC988698 /* ParashariPrecisionUITests.xctest */,
			);
			name = Products;
			sourceTree = "<group>";
		};
		9CAC19FFD0592BF1D104CA5E /* Resources */ = {
			isa = PBXGroup;
			children = (
				A8A4A681309C0A0115F7C27D /* Assets.xcassets */,
				968E802D4698FC074C83C7E3 /* Info.plist */,
			);
			path = Resources;
			sourceTree = "<group>";
		};
		9CF9CAE4E44D0116F82F23E4 /* Models */ = {
			isa = PBXGroup;
			children = (
				59CBCF18BB8F078466E957F1 /* AshtakavargaResult.swift */,
				E645FF607C427919B290972B /* ChartData.swift */,
				4CC4F2673CA1E69112A05F09 /* DashaPeriod.swift */,
				92ECAFFCC1E19D0B69474096 /* Profile.swift */,
				80419A6D11431A55B1FCAC08 /* ShadbalaResult.swift */,
				7FB9F915EA263EECF713CBD3 /* Types.swift */,
				7D9C5C3807ADE4B1893CCB95 /* YogaResult.swift */,
			);
			path = Models;
			sourceTree = "<group>";
		};
		A8A47D23EB6E3ABA87F5ABB8 /* Dasha */ = {
			isa = PBXGroup;
			children = (
				A206F2BF6C43AD024662DE60 /* DashaView.swift */,
			);
			path = Dasha;
			sourceTree = "<group>";
		};
		AD4B68BD629336D1CB1E24C2 /* ParashariPrecisionUITests */ = {
			isa = PBXGroup;
			children = (
				1AB54088D79CEDA82D6B2321 /* ParashariPrecisionUITests.swift */,
			);
			path = ParashariPrecisionUITests;
			sourceTree = "<group>";
		};
		D990A04AB8DF6C83C948E2C0 /* App */ = {
			isa = PBXGroup;
			children = (
				7BF0D5BED7A723FB8243F9C4 /* ParashariPrecisionApp.swift */,
			);
			path = App;
			sourceTree = "<group>";
		};
		E1390B4C540274BB6F2844EB /* Views */ = {
			isa = PBXGroup;
			children = (
				0927BA042D6D52A0029D1967 /* MainView.swift */,
				2007EB41D20926D701CDE64F /* Ashtakavarga */,
				F903D427756D81E57C066696 /* Chart */,
				A8A47D23EB6E3ABA87F5ABB8 /* Dasha */,
				3C3B0807F122D13A237E258E /* Predictions */,
				8D8A9B61F1D699CD26427913 /* Profile */,
				391AD0DF632AE91832602B34 /* Shadbala */,
				F7C089EC62D0AF5169814C36 /* Yoga */,
			);
			path = Views;
			sourceTree = "<group>";
		};
		E1BBD4A12A8866FC870C3D9A = {
			isa = PBXGroup;
			children = (
				7981F26F2FD8AE69F948F3D1 /* ParashariPrecision */,
				82E68E47D5C91B9FB19138E0 /* ParashariPrecisionTests */,
				AD4B68BD629336D1CB1E24C2 /* ParashariPrecisionUITests */,
				8FBC91813661740963BD4F76 /* Products */,
			);
			sourceTree = "<group>";
		};
		F7C089EC62D0AF5169814C36 /* Yoga */ = {
			isa = PBXGroup;
			children = (
				31D4607C874D4B1E3FA4E03F /* YogaListView.swift */,
			);
			path = Yoga;
			sourceTree = "<group>";
		};
		F903D427756D81E57C066696 /* Chart */ = {
			isa = PBXGroup;
			children = (
				AE1A71B395D3CFADB9468781 /* ChartView.swift */,
				646B0553050BF5CA00B49E78 /* SouthIndianChartView.swift */,
			);
			path = Chart;
			sourceTree = "<group>";
		};
/* End PBXGroup section */

/* Begin PBXNativeTarget section */
		68986E5ECAFF2CF1E20F420C /* ParashariPrecisionTests */ = {
			isa = PBXNativeTarget;
			buildConfigurationList = 317C45D636462FC9E7877041 /* Build configuration list for PBXNativeTarget "ParashariPrecisionTests" */;
			buildPhases = (
				97693B08369DC88EA3F17D90 /* Sources */,
			);
			buildRules = (
			);
			dependencies = (
				74BF7B55BEE9A9A0ABE3452C /* PBXTargetDependency */,
			);
			name = ParashariPrecisionTests;
			packageProductDependencies = (
			);
			productName = ParashariPrecisionTests;
			productReference = F58186CA7F518236DEDFE11D /* ParashariPrecisionTests.xctest */;
			productType = "com.apple.product-type.bundle.unit-test";
		};
		6B277D03D8A49793109333F6 /* ParashariPrecisionUITests */ = {
			isa = PBXNativeTarget;
			buildConfigurationList = 23853D367463E7378CE38DEF /* Build configuration list for PBXNativeTarget "ParashariPrecisionUITests" */;
			buildPhases = (
				899556C7CCC96D29397C5115 /* Sources */,
			);
			buildRules = (
			);
			dependencies = (
				0A91D7E428946C93A5A64DD4 /* PBXTargetDependency */,
			);
			name = ParashariPrecisionUITests;
			packageProductDependencies = (
			);
			productName = ParashariPrecisionUITests;
			productReference = 6EC4138C4A212297AC988698 /* ParashariPrecisionUITests.xctest */;
			productType = "com.apple.product-type.bundle.ui-testing";
		};
		C7EFAA553DF1DCDB049D72EE /* ParashariPrecision */ = {
			isa = PBXNativeTarget;
			buildConfigurationList = 689EED72DD910834946C437B /* Build configuration list for PBXNativeTarget "ParashariPrecision" */;
			buildPhases = (
				B4B2DE0DE0242D97A8E5D3D8 /* Sources */,
				93F52321B43F193A4B532072 /* Resources */,
			);
			buildRules = (
			);
			dependencies = (
			);
			name = ParashariPrecision;
			packageProductDependencies = (
			);
			productName = ParashariPrecision;
			productReference = E34D949493EDEF728FF2DD71 /* ParashariPrecision.app */;
			productType = "com.apple.product-type.application";
		};
/* End PBXNativeTarget section */

/* Begin PBXProject section */
		99EFFEF4C67E26F8B75B70A5 /* Project object */ = {
			isa = PBXProject;
			attributes = {
				BuildIndependentTargetsInParallel = YES;
				LastUpgradeCheck = 1540;
				TargetAttributes = {
					6B277D03D8A49793109333F6 = {
						TestTargetID = C7EFAA553DF1DCDB049D72EE;
					};
				};
			};
			buildConfigurationList = A3D46EF8C5407C8FC6E6B29B /* Build configuration list for PBXProject "ParashariPrecision" */;
			compatibilityVersion = "Xcode 14.0";
			developmentRegion = en;
			hasScannedForEncodings = 0;
			knownRegions = (
				Base,
				en,
			);
			mainGroup = E1BBD4A12A8866FC870C3D9A;
			minimizedProjectReferenceProxies = 1;
			preferredProjectObjectVersion = 77;
			projectDirPath = "";
			projectRoot = "";
			targets = (
				C7EFAA553DF1DCDB049D72EE /* ParashariPrecision */,
				68986E5ECAFF2CF1E20F420C /* ParashariPrecisionTests */,
				6B277D03D8A49793109333F6 /* ParashariPrecisionUITests */,
			);
		};
/* End PBXProject section */

/* Begin PBXResourcesBuildPhase section */
		93F52321B43F193A4B532072 /* Resources */ = {
			isa = PBXResourcesBuildPhase;
			buildActionMask = 2147483647;
			files = (
				EDF84C4BC2114AF6D00C3A48 /* Assets.xcassets in Resources */,
			);
			runOnlyForDeploymentPostprocessing = 0;
		};
/* End PBXResourcesBuildPhase section */

/* Begin PBXSourcesBuildPhase section */
		899556C7CCC96D29397C5115 /* Sources */ = {
			isa = PBXSourcesBuildPhase;
			buildActionMask = 2147483647;
			files = (
				1726716C04F091BF4A335B8B /* ParashariPrecisionUITests.swift in Sources */,
			);
			runOnlyForDeploymentPostprocessing = 0;
		};
		97693B08369DC88EA3F17D90 /* Sources */ = {
			isa = PBXSourcesBuildPhase;
			buildActionMask = 2147483647;
			files = (
				EC8404DE579C274F500973A4 /* AshtakavargaResultTests.swift in Sources */,
				FFF36D23169D69996C6E560F /* AshtakavargaViewModelTests.swift in Sources */,
				A0E4F664D4F037510A8F0E49 /* AshtakavargaViewTests.swift in Sources */,
				01158529133D8D850A11651B /* AstrologyCoreTests.swift in Sources */,
				E9B4D7AEFD5CD72F9E0B5322 /* ChartDataTests.swift in Sources */,
				1C9C94C8F5699520749E7FED /* ChartViewModelTests.swift in Sources */,
				B47831D536F01E337E233274 /* DashaPeriodTests.swift in Sources */,
				C5C3F9337F5ACCC607AE92D3 /* DashaViewModelTests.swift in Sources */,
				AA42C86E43D73DAB7B2A0D1E /* DashaViewTests.swift in Sources */,
				441900AEC04827411099CAEF /* DatabaseServiceTests.swift in Sources */,
				F9A8E0D4C5056342CF387181 /* LocalPredictionGeneratorTests.swift in Sources */,
				5742FA40AA097FADD1DCD164 /* MainViewTests.swift in Sources */,
				DD2814940A3240D882F7B56C /* NewProfileViewTests.swift in Sources */,
				315E15873F6EC0B536C7CE91 /* PredictionsViewModelTests.swift in Sources */,
				80E859A71AAD0EB3EF989C3C /* PredictionsViewTests.swift in Sources */,
				FD3A6D1594BED85E63226FF7 /* ProfileListViewTests.swift in Sources */,
				AF0F903AD491391F9B231837 /* ProfileTests.swift in Sources */,
				D7363E38CECD710B24507C97 /* ProfilesViewModelTests.swift in Sources */,
				8912E6F9B6880AC3A3DB365C /* ShadbalaResultTests.swift in Sources */,
				242BB047F3E5C8E49786BD04 /* ShadbalaViewModelTests.swift in Sources */,
				32C5F2304FFDB8D09B12B991 /* ShadbalaViewTests.swift in Sources */,
				F0E70198054517CD0EFB24CA /* SouthIndianChartViewTests.swift in Sources */,
				E6BE3F98595926781A59AE99 /* TypesTests.swift in Sources */,
				80B7A46752E25015ECC628A2 /* YogaListViewTests.swift in Sources */,
				D53177985DC7245F4E9E4E38 /* YogaResultTests.swift in Sources */,
				55CAA225D6807BC491DCAAA4 /* YogaViewModelTests.swift in Sources */,
			);
			runOnlyForDeploymentPostprocessing = 0;
		};
		B4B2DE0DE0242D97A8E5D3D8 /* Sources */ = {
			isa = PBXSourcesBuildPhase;
			buildActionMask = 2147483647;
			files = (
				A69AA7C42830AE75DCE19B4B /* AshtakavargaResult.swift in Sources */,
				C4E3C00E07605FF91DFDCCA9 /* AshtakavargaView.swift in Sources */,
				671BD60A7B788B058BF786D9 /* AshtakavargaViewModel.swift in Sources */,
				0D51116997DC14FB9E27B380 /* AstrologyCore.swift in Sources */,
				30CC5F4CCBC79A9F4FB92518 /* CalculationEngine.swift in Sources */,
				1082783F13423C762DB588D3 /* ChartData.swift in Sources */,
				39439B4E4F7CCDC120D8EDF2 /* ChartView.swift in Sources */,
				7E020FE9C92F7B65C550E9DE /* ChartViewModel.swift in Sources */,
				2F08FCD2003AFB76F0604C90 /* DashaPeriod.swift in Sources */,
				1C37E54306FE5D0157847A0C /* DashaView.swift in Sources */,
				B05EDA9622DF965B84E50FFE /* DashaViewModel.swift in Sources */,
				E03726350B615C0D4A760CD7 /* DatabaseService.swift in Sources */,
				ADF88EA20654AC16C4F9F608 /* LocalPredictionGenerator.swift in Sources */,
				5C1F39C4A297CA209AB42080 /* MainView.swift in Sources */,
				AC67D89004BB139C8552F805 /* NewProfileView.swift in Sources */,
				FA9ABB1D7F8AA35DD25878FA /* ParashariPrecisionApp.swift in Sources */,
				4FB8BB10BA23D250EAA18B9B /* PredictionsView.swift in Sources */,
				84FCD764FF2CBE71CD8F3416 /* PredictionsViewModel.swift in Sources */,
				158578BE94B77125308CC8DA /* Profile.swift in Sources */,
				7FF38461A0AD43BC205D3709 /* ProfileListView.swift in Sources */,
				50B5A91F41708B25D13A819C /* ProfilesViewModel.swift in Sources */,
				59C0AEA45A8406092F302550 /* ShadbalaResult.swift in Sources */,
				780E1AA7CE496F740447D826 /* ShadbalaView.swift in Sources */,
				66A999AF4DE84D2DD38A5E2F /* ShadbalaViewModel.swift in Sources */,
				355058EB42188FBF50F02B4D /* SouthIndianChartView.swift in Sources */,
				7AF1626CA90FEECB1B3B475D /* SwissEphemeris.swift in Sources */,
				20D1812963259980E8FBC2AA /* Types.swift in Sources */,
				3A2F4FEAA6123DF3299F0912 /* YogaListView.swift in Sources */,
				4DC518DC916B35269A1997FC /* YogaResult.swift in Sources */,
				5352F5AA308AB1B757EF614E /* YogaViewModel.swift in Sources */,
			);
			runOnlyForDeploymentPostprocessing = 0;
		};
/* End PBXSourcesBuildPhase section */

/* Begin PBXTargetDependency section */
		0A91D7E428946C93A5A64DD4 /* PBXTargetDependency */ = {
			isa = PBXTargetDependency;
			target = C7EFAA553DF1DCDB049D72EE /* ParashariPrecision */;
			targetProxy = 2FFD3A13DA82C48A16ECC4A3 /* PBXContainerItemProxy */;
		};
		74BF7B55BEE9A9A0ABE3452C /* PBXTargetDependency */ = {
			isa = PBXTargetDependency;
			target = C7EFAA553DF1DCDB049D72EE /* ParashariPrecision */;
			targetProxy = 90537D6ABEE711230DBE428D /* PBXContainerItemProxy */;
		};
/* End PBXTargetDependency section */

/* Begin XCBuildConfiguration section */
		02507EC18325AF9D5711FB6D /* Debug */ = {
			isa = XCBuildConfiguration;
			buildSettings = {
				ASSETCATALOG_COMPILER_APPICON_NAME = AppIcon;
				COMBINE_HIDPI_IMAGES = YES;
				GENERATE_INFOPLIST_FILE = NO;
				INFOPLIST_FILE = ParashariPrecision/Resources/Info.plist;
				LD_RUNPATH_SEARCH_PATHS = (
					"$(inherited)",
					"@executable_path/../Frameworks",
				);
				PRODUCT_BUNDLE_IDENTIFIER = com.parashari.precision;
				SDKROOT = macosx;
				SWIFT_EMIT_LOC_STRINGS = YES;
			};
			name = Debug;
		};
		47BE1989616E6409162C49B8 /* Release */ = {
			isa = XCBuildConfiguration;
			buildSettings = {
				BUNDLE_LOADER = "$(TEST_HOST)";
				COMBINE_HIDPI_IMAGES = YES;
				GENERATE_INFOPLIST_FILE = YES;
				LD_RUNPATH_SEARCH_PATHS = (
					"$(inherited)",
					"@executable_path/../Frameworks",
					"@loader_path/../Frameworks",
				);
				PRODUCT_BUNDLE_IDENTIFIER = com.parashari.precision.tests;
				SDKROOT = macosx;
				TEST_HOST = "$(BUILT_PRODUCTS_DIR)/ParashariPrecision.app/Contents/MacOS/ParashariPrecision";
			};
			name = Release;
		};
		4F0A723F6D54FA84DA627B67 /* Release */ = {
			isa = XCBuildConfiguration;
			buildSettings = {
				BUNDLE_LOADER = "$(TEST_HOST)";
				COMBINE_HIDPI_IMAGES = YES;
				GENERATE_INFOPLIST_FILE = YES;
				LD_RUNPATH_SEARCH_PATHS = (
					"$(inherited)",
					"@executable_path/Frameworks",
					"@loader_path/Frameworks",
				);
				PRODUCT_BUNDLE_IDENTIFIER = com.parashari.precision.uitests;
				SDKROOT = macosx;
				TEST_TARGET_NAME = ParashariPrecision;
			};
			name = Release;
		};
		5E87B6C23B2616F0F47A9F00 /* Release */ = {
			isa = XCBuildConfiguration;
			buildSettings = {
				ALWAYS_SEARCH_USER_PATHS = NO;
				CLANG_ANALYZER_NONNULL = YES;
				CLANG_ANALYZER_NUMBER_OBJECT_CONVERSION = YES_AGGRESSIVE;
				CLANG_CXX_LANGUAGE_STANDARD = "gnu++14";
				CLANG_CXX_LIBRARY = "libc++";
				CLANG_ENABLE_MODULES = YES;
				CLANG_ENABLE_OBJC_ARC = YES;
				CLANG_ENABLE_OBJC_WEAK = YES;
				CLANG_WARN_BLOCK_CAPTURE_AUTORELEASING = YES;
				CLANG_WARN_BOOL_CONVERSION = YES;
				CLANG_WARN_COMMA = YES;
				CLANG_WARN_CONSTANT_CONVERSION = YES;
				CLANG_WARN_DEPRECATED_OBJC_IMPLEMENTATIONS = YES;
				CLANG_WARN_DIRECT_OBJC_ISA_USAGE = YES_ERROR;
				CLANG_WARN_DOCUMENTATION_COMMENTS = YES;
				CLANG_WARN_EMPTY_BODY = YES;
				CLANG_WARN_ENUM_CONVERSION = YES;
				CLANG_WARN_INFINITE_RECURSION = YES;
				CLANG_WARN_INT_CONVERSION = YES;
				CLANG_WARN_NON_LITERAL_NULL_CONVERSION = YES;
				CLANG_WARN_OBJC_IMPLICIT_RETAIN_SELF = YES;
				CLANG_WARN_OBJC_LITERAL_CONVERSION = YES;
				CLANG_WARN_OBJC_ROOT_CLASS = YES_ERROR;
				CLANG_WARN_QUOTED_INCLUDE_IN_FRAMEWORK_HEADER = YES;
				CLANG_WARN_RANGE_LOOP_ANALYSIS = YES;
				CLANG_WARN_STRICT_PROTOTYPES = YES;
				CLANG_WARN_SUSPICIOUS_MOVE = YES;
				CLANG_WARN_UNGUARDED_AVAILABILITY = YES_AGGRESSIVE;
				CLANG_WARN_UNREACHABLE_CODE = YES;
				CLANG_WARN__DUPLICATE_METHOD_MATCH = YES;
				COPY_PHASE_STRIP = NO;
				DEBUG_INFORMATION_FORMAT = "dwarf-with-dsym";
				ENABLE_NS_ASSERTIONS = NO;
				ENABLE_STRICT_OBJC_MSGSEND = YES;
				GCC_C_LANGUAGE_STANDARD = gnu11;
				GCC_NO_COMMON_BLOCKS = YES;
				GCC_WARN_64_TO_32_BIT_CONVERSION = YES;
				GCC_WARN_ABOUT_RETURN_TYPE = YES_ERROR;
				GCC_WARN_UNDECLARED_SELECTOR = YES;
				GCC_WARN_UNINITIALIZED_AUTOS = YES_AGGRESSIVE;
				GCC_WARN_UNUSED_FUNCTION = YES;
				GCC_WARN_UNUSED_VARIABLE = YES;
				MACOSX_DEPLOYMENT_TARGET = 14.0;
				MTL_ENABLE_DEBUG_INFO = NO;
				MTL_FAST_MATH = YES;
				PRODUCT_NAME = "$(TARGET_NAME)";
				SDKROOT = macosx;
				SWIFT_COMPILATION_MODE = wholemodule;
				SWIFT_OPTIMIZATION_LEVEL = "-O";
				SWIFT_STRICT_CONCURRENCY = complete;
				SWIFT_VERSION = 6.0;
			};
			name = Release;
		};
		66EE799EC509F81CC349E425 /* Release */ = {
			isa = XCBuildConfiguration;
			buildSettings = {
				ASSETCATALOG_COMPILER_APPICON_NAME = AppIcon;
				COMBINE_HIDPI_IMAGES = YES;
				GENERATE_INFOPLIST_FILE = NO;
				INFOPLIST_FILE = ParashariPrecision/Resources/Info.plist;
				LD_RUNPATH_SEARCH_PATHS = (
					"$(inherited)",
					"@executable_path/../Frameworks",
				);
				PRODUCT_BUNDLE_IDENTIFIER = com.parashari.precision;
				SDKROOT = macosx;
				SWIFT_EMIT_LOC_STRINGS = YES;
			};
			name = Release;
		};
		8532C8D3A16A3B1FCDA40F5C /* Debug */ = {
			isa = XCBuildConfiguration;
			buildSettings = {
				ALWAYS_SEARCH_USER_PATHS = NO;
				CLANG_ANALYZER_NONNULL = YES;
				CLANG_ANALYZER_NUMBER_OBJECT_CONVERSION = YES_AGGRESSIVE;
				CLANG_CXX_LANGUAGE_STANDARD = "gnu++14";
				CLANG_CXX_LIBRARY = "libc++";
				CLANG_ENABLE_MODULES = YES;
				CLANG_ENABLE_OBJC_ARC = YES;
				CLANG_ENABLE_OBJC_WEAK = YES;
				CLANG_WARN_BLOCK_CAPTURE_AUTORELEASING = YES;
				CLANG_WARN_BOOL_CONVERSION = YES;
				CLANG_WARN_COMMA = YES;
				CLANG_WARN_CONSTANT_CONVERSION = YES;
				CLANG_WARN_DEPRECATED_OBJC_IMPLEMENTATIONS = YES;
				CLANG_WARN_DIRECT_OBJC_ISA_USAGE = YES_ERROR;
				CLANG_WARN_DOCUMENTATION_COMMENTS = YES;
				CLANG_WARN_EMPTY_BODY = YES;
				CLANG_WARN_ENUM_CONVERSION = YES;
				CLANG_WARN_INFINITE_RECURSION = YES;
				CLANG_WARN_INT_CONVERSION = YES;
				CLANG_WARN_NON_LITERAL_NULL_CONVERSION = YES;
				CLANG_WARN_OBJC_IMPLICIT_RETAIN_SELF = YES;
				CLANG_WARN_OBJC_LITERAL_CONVERSION = YES;
				CLANG_WARN_OBJC_ROOT_CLASS = YES_ERROR;
				CLANG_WARN_QUOTED_INCLUDE_IN_FRAMEWORK_HEADER = YES;
				CLANG_WARN_RANGE_LOOP_ANALYSIS = YES;
				CLANG_WARN_STRICT_PROTOTYPES = YES;
				CLANG_WARN_SUSPICIOUS_MOVE = YES;
				CLANG_WARN_UNGUARDED_AVAILABILITY = YES_AGGRESSIVE;
				CLANG_WARN_UNREACHABLE_CODE = YES;
				CLANG_WARN__DUPLICATE_METHOD_MATCH = YES;
				COPY_PHASE_STRIP = NO;
				DEBUG_INFORMATION_FORMAT = dwarf;
				ENABLE_STRICT_OBJC_MSGSEND = YES;
				ENABLE_TESTABILITY = YES;
				GCC_C_LANGUAGE_STANDARD = gnu11;
				GCC_DYNAMIC_NO_PIC = NO;
				GCC_NO_COMMON_BLOCKS = YES;
				GCC_OPTIMIZATION_LEVEL = 0;
				GCC_PREPROCESSOR_DEFINITIONS = (
					"$(inherited)",
					"DEBUG=1",
				);
				GCC_WARN_64_TO_32_BIT_CONVERSION = YES;
				GCC_WARN_ABOUT_RETURN_TYPE = YES_ERROR;
				GCC_WARN_UNDECLARED_SELECTOR = YES;
				GCC_WARN_UNINITIALIZED_AUTOS = YES_AGGRESSIVE;
				GCC_WARN_UNUSED_FUNCTION = YES;
				GCC_WARN_UNUSED_VARIABLE = YES;
				MACOSX_DEPLOYMENT_TARGET = 14.0;
				MTL_ENABLE_DEBUG_INFO = INCLUDE_SOURCE;
				MTL_FAST_MATH = YES;
				ONLY_ACTIVE_ARCH = YES;
				PRODUCT_NAME = "$(TARGET_NAME)";
				SDKROOT = macosx;
				SWIFT_ACTIVE_COMPILATION_CONDITIONS = DEBUG;
				SWIFT_OPTIMIZATION_LEVEL = "-Onone";
				SWIFT_STRICT_CONCURRENCY = complete;
				SWIFT_VERSION = 6.0;
			};
			name = Debug;
		};
		C279E7D041C1CFE47127FB57 /* Debug */ = {
			isa = XCBuildConfiguration;
			buildSettings = {
				BUNDLE_LOADER = "$(TEST_HOST)";
				COMBINE_HIDPI_IMAGES = YES;
				GENERATE_INFOPLIST_FILE = YES;
				LD_RUNPATH_SEARCH_PATHS = (
					"$(inherited)",
					"@executable_path/../Frameworks",
					"@loader_path/../Frameworks",
				);
				PRODUCT_BUNDLE_IDENTIFIER = com.parashari.precision.tests;
				SDKROOT = macosx;
				TEST_HOST = "$(BUILT_PRODUCTS_DIR)/ParashariPrecision.app/Contents/MacOS/ParashariPrecision";
			};
			name = Debug;
		};
		C94990D4CB233765F114D4EF /* Debug */ = {
			isa = XCBuildConfiguration;
			buildSettings = {
				BUNDLE_LOADER = "$(TEST_HOST)";
				COMBINE_HIDPI_IMAGES = YES;
				GENERATE_INFOPLIST_FILE = YES;
				LD_RUNPATH_SEARCH_PATHS = (
					"$(inherited)",
					"@executable_path/Frameworks",
					"@loader_path/Frameworks",
				);
				PRODUCT_BUNDLE_IDENTIFIER = com.parashari.precision.uitests;
				SDKROOT = macosx;
				TEST_TARGET_NAME = ParashariPrecision;
			};
			name = Debug;
		};
/* End XCBuildConfiguration section */

/* Begin XCConfigurationList section */
		23853D367463E7378CE38DEF /* Build configuration list for PBXNativeTarget "ParashariPrecisionUITests" */ = {
			isa = XCConfigurationList;
			buildConfigurations = (
				C94990D4CB233765F114D4EF /* Debug */,
				4F0A723F6D54FA84DA627B67 /* Release */,
			);
			defaultConfigurationIsVisible = 0;
			defaultConfigurationName = Debug;
		};
		317C45D636462FC9E7877041 /* Build configuration list for PBXNativeTarget "ParashariPrecisionTests" */ = {
			isa = XCConfigurationList;
			buildConfigurations = (
				C279E7D041C1CFE47127FB57 /* Debug */,
				47BE1989616E6409162C49B8 /* Release */,
			);
			defaultConfigurationIsVisible = 0;
			defaultConfigurationName = Debug;
		};
		689EED72DD910834946C437B /* Build configuration list for PBXNativeTarget "ParashariPrecision" */ = {
			isa = XCConfigurationList;
			buildConfigurations = (
				02507EC18325AF9D5711FB6D /* Debug */,
				66EE799EC509F81CC349E425 /* Release */,
			);
			defaultConfigurationIsVisible = 0;
			defaultConfigurationName = Debug;
		};
		A3D46EF8C5407C8FC6E6B29B /* Build configuration list for PBXProject "ParashariPrecision" */ = {
			isa = XCConfigurationList;
			buildConfigurations = (
				8532C8D3A16A3B1FCDA40F5C /* Debug */,
				5E87B6C23B2616F0F47A9F00 /* Release */,
			);
			defaultConfigurationIsVisible = 0;
			defaultConfigurationName = Debug;
		};
/* End XCConfigurationList section */
	};
	rootObject = 99EFFEF4C67E26F8B75B70A5 /* Project object */;
}
